
Microsoft Visual Studio Solution File, Format Version 12.00
# Visual Studio Version 16
VisualStudioVersion = 16.0.31005.135
MinimumVisualStudioVersion = 10.0.40219.1
Project("{8BC9CEB8-8B4A-11D0-8D11-00A0C91BC942}") = "DirectRecursion", "DirectRecursion\DirectRecursion.vcxproj", "{CF1CCADD-919E-4A4E-BAEB-FCDD1F264978}"
EndProject
Global
	GlobalSection(SolutionConfigurationPlatforms) = preSolution
		Debug|x64 = Debug|x64
		Debug|x86 = Debug|x86
		Release|x64 = Release|x64
		Release|x86 = Release|x86
	EndGlobalSection
	GlobalSection(ProjectConfigurationPlatforms) = postSolution
		{CF1CCADD-919E-4A4E-BAEB-FCDD1F264978}.Debug|x64.ActiveCfg = Debug|x64
		{CF1CCADD-919E-4A4E-BAEB-FCDD1F264978}.Debug|x64.Build.0 = Debug|x64
		{CF1CCADD-919E-4A4E-BAEB-FCDD1F264978}.Debug|x86.ActiveCfg = Debug|Win32
		{CF1CCADD-919E-4A4E-BAEB-FCDD1F264978}.Debug|x86.Build.0 = Debug|Win32
		{CF1CCADD-919E-4A4E-BAEB-FCDD1F264978}.Release|x64.ActiveCfg = Release|x64
		{CF1CCADD-919E-4A4E-BAEB-FCDD1F264978}.Release|x64.Build.0 = Release|x64
		{CF1CCADD-919E-4A4E-BAEB-FCDD1F264978}.Release|x86.ActiveCfg = Release|Win32
		{CF1CCADD-919E-4A4E-BAEB-FCDD1F264978}.Release|x86.Build.0 = Release|Win32
	EndGlobalSection
	GlobalSection(SolutionProperties) = preSolution
		HideSolutionNode = FALSE
	EndGlobalSection
	GlobalSection(ExtensibilityGlobals) = postSolution
		SolutionGuid = {74C7498A-D6A5-43B4-9A31-75AC50FD548C}
	EndGlobalSection
EndGlobal
